
Microsoft Visual Studio Solution File, Format Version 12.00
# Visual Studio 15
VisualStudioVersion = 15.0.26124.0
MinimumVisualStudioVersion = 15.0.26124.0
Project("{2150E333-8FDC-42A3-9474-1A3956D46DE8}") = "domain", "domain", "{B450A0EF-463E-4E59-83FF-AFDAAD4C3318}"
EndProject
Project("{9A19103F-16F7-4668-BE54-9A1E7A4F7556}") = "Store", "domain\Store\Store.csproj", "{0CA2338B-39E2-481C-A0B9-757BE764CE99}"
EndProject
Project("{2150E333-8FDC-42A3-9474-1A3956D46DE8}") = "infrastructure", "infrastructure", "{12BE5CB5-07D5-41AB-9A8E-C85CD2886D43}"
EndProject
Project("{FAE04EC0-301F-11D3-BF4B-00C04F79EFBC}") = "Store.Memory", "Store.Memory\Store.Memory.csproj", "{3BA0AF06-075B-4042-92CA-5D246B90C151}"
EndProject
Global
	GlobalSection(SolutionConfigurationPlatforms) = preSolution
		Debug|Any CPU = Debug|Any CPU
		Debug|x64 = Debug|x64
		Debug|x86 = Debug|x86
		Release|Any CPU = Release|Any CPU
		Release|x64 = Release|x64
		Release|x86 = Release|x86
	EndGlobalSection
	GlobalSection(ProjectConfigurationPlatforms) = postSolution
		{0CA2338B-39E2-481C-A0B9-757BE764CE99}.Debug|Any CPU.ActiveCfg = Debug|Any CPU
		{0CA2338B-39E2-481C-A0B9-757BE764CE99}.Debug|Any CPU.Build.0 = Debug|Any CPU
		{0CA2338B-39E2-481C-A0B9-757BE764CE99}.Debug|x64.ActiveCfg = Debug|Any CPU
		{0CA2338B-39E2-481C-A0B9-757BE764CE99}.Debug|x64.Build.0 = Debug|Any CPU
		{0CA2338B-39E2-481C-A0B9-757BE764CE99}.Debug|x86.ActiveCfg = Debug|Any CPU
		{0CA2338B-39E2-481C-A0B9-757BE764CE99}.Debug|x86.Build.0 = Debug|Any CPU
		{0CA2338B-39E2-481C-A0B9-757BE764CE99}.Release|Any CPU.ActiveCfg = Release|Any CPU
		{0CA2338B-39E2-481C-A0B9-757BE764CE99}.Release|Any CPU.Build.0 = Release|Any CPU
		{0CA2338B-39E2-481C-A0B9-757BE764CE99}.Release|x64.ActiveCfg = Release|Any CPU
		{0CA2338B-39E2-481C-A0B9-757BE764CE99}.Release|x64.Build.0 = Release|Any CPU
		{0CA2338B-39E2-481C-A0B9-757BE764CE99}.Release|x86.ActiveCfg = Release|Any CPU
		{0CA2338B-39E2-481C-A0B9-757BE764CE99}.Release|x86.Build.0 = Release|Any CPU
		{3BA0AF06-075B-4042-92CA-5D246B90C151}.Debug|Any CPU.ActiveCfg = Debug|Any CPU
		{3BA0AF06-075B-4042-92CA-5D246B90C151}.Debug|Any CPU.Build.0 = Debug|Any CPU
		{3BA0AF06-075B-4042-92CA-5D246B90C151}.Debug|x64.ActiveCfg = Debug|Any CPU
		{3BA0AF06-075B-4042-92CA-5D246B90C151}.Debug|x64.Build.0 = Debug|Any CPU
		{3BA0AF06-075B-4042-92CA-5D246B90C151}.Debug|x86.ActiveCfg = Debug|Any CPU
		{3BA0AF06-075B-4042-92CA-5D246B90C151}.Debug|x86.Build.0 = Debug|Any CPU
		{3BA0AF06-075B-4042-92CA-5D246B90C151}.Release|Any CPU.ActiveCfg = Release|Any CPU
		{3BA0AF06-075B-4042-92CA-5D246B90C151}.Release|Any CPU.Build.0 = Release|Any CPU
		{3BA0AF06-075B-4042-92CA-5D246B90C151}.Release|x64.ActiveCfg = Release|Any CPU
		{3BA0AF06-075B-4042-92CA-5D246B90C151}.Release|x64.Build.0 = Release|Any CPU
		{3BA0AF06-075B-4042-92CA-5D246B90C151}.Release|x86.ActiveCfg = Release|Any CPU
		{3BA0AF06-075B-4042-92CA-5D246B90C151}.Release|x86.Build.0 = Release|Any CPU
	EndGlobalSection
	GlobalSection(SolutionProperties) = preSolution
		HideSolutionNode = FALSE
	EndGlobalSection
	GlobalSection(NestedProjects) = preSolution
		{0CA2338B-39E2-481C-A0B9-757BE764CE99} = {B450A0EF-463E-4E59-83FF-AFDAAD4C3318}
		{3BA0AF06-075B-4042-92CA-5D246B90C151} = {12BE5CB5-07D5-41AB-9A8E-C85CD2886D43}
	EndGlobalSection
	GlobalSection(ExtensibilityGlobals) = postSolution
		SolutionGuid = {6770DD8F-C376-4E62-A83A-072CA37A763F}
	EndGlobalSection
EndGlobal
